<?xml version="1.0" encoding="UTF-8" standalone="yes" ?>
<CodeBlocks_project_file>
	<FileVersion major="1" minor="6" />
	<Project>
		<Option title="SokobanSDL" />
		<Option pch_mode="2" />
		<Option compiler="gcc" />
		<Build>
			<Target title="Debug">
				<Option output="bin/Debug/SokobanSDL" prefix_auto="1" extension_auto="1" />
				<Option object_output="obj/Debug/" />
				<Option type="1" />
				<Option compiler="gcc" />
				<Compiler>
					<Add option="-g" />
				</Compiler>
			</Target>
			<Target title="Release">
				<Option output="bin/Release/SokobanSDL" prefix_auto="1" extension_auto="1" />
				<Option object_output="obj/Release/" />
				<Option type="1" />
				<Option compiler="gcc" />
				<Compiler>
					<Add option="-O2" />
				</Compiler>
				<Linker>
					<Add option="-s" />
				</Linker>
			</Target>
		</Build>
		<Compiler>
			<Add option="-Wall" />
			<Add option="-fexceptions" />
		</Compiler>
		<Unit filename="Assets/box.png" />
		<Unit filename="Assets/goal.png" />
		<Unit filename="Assets/ground.png" />
		<Unit filename="Assets/player.png" />
		<Unit filename="Assets/wall.png" />
		<Unit filename="Box.cpp" />
		<Unit filename="Box.h" />
		<Unit filename="Button.cpp" />
		<Unit filename="Button.h" />
		<Unit filename="Game.cpp" />
		<Unit filename="Game.h" />
		<Unit filename="LevelManager.cpp" />
		<Unit filename="LevelManager.h" />
		<Unit filename="Levels/SokobanLevel1.txt" />
		<Unit filename="Levels/SokobanLevel2.txt" />
		<Unit filename="Levels/SokobanLevel3.txt" />
		<Unit filename="Levels/SokobanLevel4.txt" />
		<Unit filename="Levels/SokobanLevel5.txt" />
		<Unit filename="Player.cpp" />
		<Unit filename="Player.h" />
		<Unit filename="Utils.h" />
		<Unit filename="main.cpp" />
		<Extensions>
			<lib_finder disable_auto="1" />
		</Extensions>
	</Project>
</CodeBlocks_project_file>
